
Microsoft Visual Studio Solution File, Format Version 12.00
# Visual Studio Version 17
VisualStudioVersion = 17.3.32825.248
MinimumVisualStudioVersion = 10.0.40219.1
Project("{FAE04EC0-301F-11D3-BF4B-00C04F79EFBC}") = "TicketReservationSystem.Web", "TicketReservationSystem.Web\TicketReservationSystem.Web.csproj", "{512B23BB-ABC9-4DB7-B659-EA0EDC99F850}"
EndProject
Global
	GlobalSection(SolutionConfigurationPlatforms) = preSolution
		Debug|Any CPU = Debug|Any CPU
		Release|Any CPU = Release|Any CPU
	EndGlobalSection
	GlobalSection(ProjectConfigurationPlatforms) = postSolution
		{512B23BB-ABC9-4DB7-B659-EA0EDC99F850}.Debug|Any CPU.ActiveCfg = Debug|Any CPU
		{512B23BB-ABC9-4DB7-B659-EA0EDC99F850}.Debug|Any CPU.Build.0 = Debug|Any CPU
		{512B23BB-ABC9-4DB7-B659-EA0EDC99F850}.Release|Any CPU.ActiveCfg = Release|Any CPU
		{512B23BB-ABC9-4DB7-B659-EA0EDC99F850}.Release|Any CPU.Build.0 = Release|Any CPU
	EndGlobalSection
	GlobalSection(SolutionProperties) = preSolution
		HideSolutionNode = FALSE
	EndGlobalSection
	GlobalSection(ExtensibilityGlobals) = postSolution
		SolutionGuid = {50EF8FD5-6A84-4798-9CB3-4503815219B8}
	EndGlobalSection
EndGlobal
